{
  "name": "untitled3",
  "lockfileVersion": 2,
  "requires": true,
  "packages": {
    "": {
      "dependencies": {
        "element-ui": "^2.15.9"
      }
    },
    "node_modules/@babel/parser": {
      "version": "7.18.6",
      "resolved": "https://registry.npmjs.org/@babel/parser/-/parser-7.18.6.tgz",
      "integrity": "sha512-uQVSa9jJUe/G/304lXspfWVpKpK4euFLgGiMQFOCpM/bgcAdeoHwi/OQz23O9GK2osz26ZiXRRV9aV+Yl1O8tw==",
      "peer": true,
      "bin": {
        "parser": "bin/babel-parser.js"
      },
      "engines": {
        "node": ">=6.0.0"
      }
    },
    "node_modules/@vue/compiler-sfc": {
      "version": "2.7.3",
      "resolved": "https://registry.npmjs.org/@vue/compiler-sfc/-/compiler-sfc-2.7.3.tgz",
      "integrity": "sha512-/9SO6KeR1ljo+j4Tdkl9zsFG2yY4NQ9p3GKdPVCU99bmkNkTW8g9Tq8SMEvhOfo+RhBC0PdDAOmibl+N37f5YA==",
      "peer": true,
      "dependencies": {
        "@babel/parser": "^7.18.4",
        "postcss": "^8.4.14",
        "source-map": "^0.6.1"
      }
    },
    "node_modules/csstype": {
      "version": "3.1.0",
      "resolved": "https://registry.npmjs.org/csstype/-/csstype-3.1.0.tgz",
      "integrity": "sha512-uX1KG+x9h5hIJsaKR9xHUeUraxf8IODOwq9JLNPq6BwB04a/xgpq3rcx47l5BZu5zBPlgD342tdke3Hom/nJRA==",
      "peer": true
    },
    "node_modules/element-ui": {
      "version": "2.15.9",
      "license": "MIT",
      "dependencies": {
        "async-validator": "~1.8.1",
        "babel-helper-vue-jsx-merge-props": "^2.0.0",
        "deepmerge": "^1.2.0",
        "normalize-wheel": "^1.0.1",
        "resize-observer-polyfill": "^1.5.0",
        "throttle-debounce": "^1.0.1"
      },
      "peerDependencies": {
        "vue": "^2.5.17"
      }
    },
    "node_modules/element-ui/node_modules/async-validator": {
      "version": "1.8.5",
      "dependencies": {
        "babel-runtime": "6.x"
      }
    },
    "node_modules/element-ui/node_modules/async-validator/node_modules/babel-runtime": {
      "version": "6.26.0",
      "license": "MIT",
      "dependencies": {
        "core-js": "^2.4.0",
        "regenerator-runtime": "^0.11.0"
      }
    },
    "node_modules/element-ui/node_modules/async-validator/node_modules/babel-runtime/node_modules/core-js": {
      "version": "2.6.12",
      "hasInstallScript": true,
      "license": "MIT"
    },
    "node_modules/element-ui/node_modules/async-validator/node_modules/babel-runtime/node_modules/regenerator-runtime": {
      "version": "0.11.1",
      "license": "MIT"
    },
    "node_modules/element-ui/node_modules/babel-helper-vue-jsx-merge-props": {
      "version": "2.0.3",
      "license": "MIT"
    },
    "node_modules/element-ui/node_modules/deepmerge": {
      "version": "1.5.2",
      "license": "MIT",
      "engines": {
        "node": ">=0.10.0"
      }
    },
    "node_modules/element-ui/node_modules/normalize-wheel": {
      "version": "1.0.1",
      "license": "BSD-3-Clause"
    },
    "node_modules/element-ui/node_modules/resize-observer-polyfill": {
      "version": "1.5.1",
      "license": "MIT"
    },
    "node_modules/element-ui/node_modules/throttle-debounce": {
      "version": "1.1.0",
      "license": "MIT",
      "engines": {
        "node": ">=4"
      }
    },
    "node_modules/nanoid": {
      "version": "3.3.4",
      "resolved": "https://registry.npmjs.org/nanoid/-/nanoid-3.3.4.tgz",
      "integrity": "sha512-MqBkQh/OHTS2egovRtLk45wEyNXwF+cokD+1YPf9u5VfJiRdAiRwB2froX5Co9Rh20xs4siNPm8naNotSD6RBw==",
      "peer": true,
      "bin": {
        "nanoid": "bin/nanoid.cjs"
      },
      "engines": {
        "node": "^10 || ^12 || ^13.7 || ^14 || >=15.0.1"
      }
    },
    "node_modules/picocolors": {
      "version": "1.0.0",
      "resolved": "https://registry.npmjs.org/picocolors/-/picocolors-1.0.0.tgz",
      "integrity": "sha512-1fygroTLlHu66zi26VoTDv8yRgm0Fccecssto+MhsZ0D/DGW2sm8E8AjW7NU5VVTRt5GxbeZ5qBuJr+HyLYkjQ==",
      "peer": true
    },
    "node_modules/postcss": {
      "version": "8.4.14",
      "resolved": "https://registry.npmjs.org/postcss/-/postcss-8.4.14.tgz",
      "integrity": "sha512-E398TUmfAYFPBSdzgeieK2Y1+1cpdxJx8yXbK/m57nRhKSmk1GB2tO4lbLBtlkfPQTDKfe4Xqv1ASWPpayPEig==",
      "funding": [
        {
          "type": "opencollective",
          "url": "https://opencollective.com/postcss/"
        },
        {
          "type": "tidelift",
          "url": "https://tidelift.com/funding/github/npm/postcss"
        }
      ],
      "peer": true,
      "dependencies": {
        "nanoid": "^3.3.4",
        "picocolors": "^1.0.0",
        "source-map-js": "^1.0.2"
      },
      "engines": {
        "node": "^10 || ^12 || >=14"
      }
    },
    "node_modules/source-map": {
      "version": "0.6.1",
      "resolved": "https://registry.npmjs.org/source-map/-/source-map-0.6.1.tgz",
      "integrity": "sha512-UjgapumWlbMhkBgzT7Ykc5YXUT46F0iKu8SGXq0bcwP5dz/h0Plj6enJqjz1Zbq2l5WaqYnrVbwWOWMyF3F47g==",
      "peer": true,
      "engines": {
        "node": ">=0.10.0"
      }
    },
    "node_modules/source-map-js": {
      "version": "1.0.2",
      "resolved": "https://registry.npmjs.org/source-map-js/-/source-map-js-1.0.2.tgz",
      "integrity": "sha512-R0XvVJ9WusLiqTCEiGCmICCMplcCkIwwR11mOSD9CR5u+IXYdiseeEuXCVAjS54zqwkLcPNnmU4OeJ6tUrWhDw==",
      "peer": true,
      "engines": {
        "node": ">=0.10.0"
      }
    },
    "node_modules/vue": {
      "version": "2.7.3",
      "resolved": "https://registry.npmjs.org/vue/-/vue-2.7.3.tgz",
      "integrity": "sha512-7MTirXG7LYJi3r2jeYy7EiXIhEE85uP3kBwSxqwDsvIfy/l7+qR4U6ajw8ji1KoP+wYYg7ZY28TBTf3P3Fa4Nw==",
      "peer": true,
      "dependencies": {
        "@vue/compiler-sfc": "2.7.3",
        "csstype": "^3.1.0"
      }
    }
  },
  "dependencies": {
    "@babel/parser": {
      "version": "7.18.6",
      "resolved": "https://registry.npmjs.org/@babel/parser/-/parser-7.18.6.tgz",
      "integrity": "sha512-uQVSa9jJUe/G/304lXspfWVpKpK4euFLgGiMQFOCpM/bgcAdeoHwi/OQz23O9GK2osz26ZiXRRV9aV+Yl1O8tw==",
      "peer": true
    },
    "@vue/compiler-sfc": {
      "version": "2.7.3",
      "resolved": "https://registry.npmjs.org/@vue/compiler-sfc/-/compiler-sfc-2.7.3.tgz",
      "integrity": "sha512-/9SO6KeR1ljo+j4Tdkl9zsFG2yY4NQ9p3GKdPVCU99bmkNkTW8g9Tq8SMEvhOfo+RhBC0PdDAOmibl+N37f5YA==",
      "peer": true,
      "requires": {
        "@babel/parser": "^7.18.4",
        "postcss": "^8.4.14",
        "source-map": "^0.6.1"
      }
    },
    "csstype": {
      "version": "3.1.0",
      "resolved": "https://registry.npmjs.org/csstype/-/csstype-3.1.0.tgz",
      "integrity": "sha512-uX1KG+x9h5hIJsaKR9xHUeUraxf8IODOwq9JLNPq6BwB04a/xgpq3rcx47l5BZu5zBPlgD342tdke3Hom/nJRA==",
      "peer": true
    },
    "element-ui": {
      "version": "2.15.9",
      "requires": {
        "async-validator": "~1.8.1",
        "babel-helper-vue-jsx-merge-props": "^2.0.0",
        "deepmerge": "^1.2.0",
        "normalize-wheel": "^1.0.1",
        "resize-observer-polyfill": "^1.5.0",
        "throttle-debounce": "^1.0.1"
      },
      "dependencies": {
        "async-validator": {
          "version": "1.8.5",
          "requires": {
            "babel-runtime": "6.x"
          },
          "dependencies": {
            "babel-runtime": {
              "version": "6.26.0",
              "requires": {
                "core-js": "^2.4.0",
                "regenerator-runtime": "^0.11.0"
              },
              "dependencies": {
                "core-js": {
                  "version": "2.6.12"
                },
                "regenerator-runtime": {
                  "version": "0.11.1"
                }
              }
            }
          }
        },
        "babel-helper-vue-jsx-merge-props": {
          "version": "2.0.3"
        },
        "deepmerge": {
          "version": "1.5.2"
        },
        "normalize-wheel": {
          "version": "1.0.1"
        },
        "resize-observer-polyfill": {
          "version": "1.5.1"
        },
        "throttle-debounce": {
          "version": "1.1.0"
        }
      }
    },
    "nanoid": {
      "version": "3.3.4",
      "resolved": "https://registry.npmjs.org/nanoid/-/nanoid-3.3.4.tgz",
      "integrity": "sha512-MqBkQh/OHTS2egovRtLk45wEyNXwF+cokD+1YPf9u5VfJiRdAiRwB2froX5Co9Rh20xs4siNPm8naNotSD6RBw==",
      "peer": true
    },
    "picocolors": {
      "version": "1.0.0",
      "resolved": "https://registry.npmjs.org/picocolors/-/picocolors-1.0.0.tgz",
      "integrity": "sha512-1fygroTLlHu66zi26VoTDv8yRgm0Fccecssto+MhsZ0D/DGW2sm8E8AjW7NU5VVTRt5GxbeZ5qBuJr+HyLYkjQ==",
      "peer": true
    },
    "postcss": {
      "version": "8.4.14",
      "resolved": "https://registry.npmjs.org/postcss/-/postcss-8.4.14.tgz",
      "integrity": "sha512-E398TUmfAYFPBSdzgeieK2Y1+1cpdxJx8yXbK/m57nRhKSmk1GB2tO4lbLBtlkfPQTDKfe4Xqv1ASWPpayPEig==",
      "peer": true,
      "requires": {
        "nanoid": "^3.3.4",
        "picocolors": "^1.0.0",
        "source-map-js": "^1.0.2"
      }
    },
    "source-map": {
      "version": "0.6.1",
      "resolved": "https://registry.npmjs.org/source-map/-/source-map-0.6.1.tgz",
      "integrity": "sha512-UjgapumWlbMhkBgzT7Ykc5YXUT46F0iKu8SGXq0bcwP5dz/h0Plj6enJqjz1Zbq2l5WaqYnrVbwWOWMyF3F47g==",
      "peer": true
    },
    "source-map-js": {
      "version": "1.0.2",
      "resolved": "https://registry.npmjs.org/source-map-js/-/source-map-js-1.0.2.tgz",
      "integrity": "sha512-R0XvVJ9WusLiqTCEiGCmICCMplcCkIwwR11mOSD9CR5u+IXYdiseeEuXCVAjS54zqwkLcPNnmU4OeJ6tUrWhDw==",
      "peer": true
    },
    "vue": {
      "version": "2.7.3",
      "resolved": "https://registry.npmjs.org/vue/-/vue-2.7.3.tgz",
      "integrity": "sha512-7MTirXG7LYJi3r2jeYy7EiXIhEE85uP3kBwSxqwDsvIfy/l7+qR4U6ajw8ji1KoP+wYYg7ZY28TBTf3P3Fa4Nw==",
      "peer": true,
      "requires": {
        "@vue/compiler-sfc": "2.7.3",
        "csstype": "^3.1.0"
      }
    }
  }
}
